
Microsoft Visual Studio Solution File, Format Version 12.00
# Visual Studio Version 17
VisualStudioVersion = 17.14.36616.10 d17.14
MinimumVisualStudioVersion = 10.0.40219.1
Project("{D2ABAB84-BF74-430A-B69E-9DC6D40DDA17}") = "SzkolaDataWarehouse1", "SzkolaDataWarehouse1.dwproj", "{32FF5BEB-5934-8C97-F352-B4E8BFC4FF91}"
EndProject
Global
	GlobalSection(SolutionConfigurationPlatforms) = preSolution
		Development|Default = Development|Default
	EndGlobalSection
	GlobalSection(ProjectConfigurationPlatforms) = postSolution
		{32FF5BEB-5934-8C97-F352-B4E8BFC4FF91}.Development|Default.ActiveCfg = Development
		{32FF5BEB-5934-8C97-F352-B4E8BFC4FF91}.Development|Default.Build.0 = Development
		{32FF5BEB-5934-8C97-F352-B4E8BFC4FF91}.Development|Default.Deploy.0 = Development
	EndGlobalSection
	GlobalSection(SolutionProperties) = preSolution
		HideSolutionNode = FALSE
	EndGlobalSection
	GlobalSection(ExtensibilityGlobals) = postSolution
		SolutionGuid = {644CAFD0-42A1-42FD-B0CC-A22659BF7069}
	EndGlobalSection
EndGlobal
